Microsoft Visual Studio Solution File, Format Version 12.00
# Visual Studio Version 17
VisualStudioVersion = 17.5.2.0
MinimumVisualStudioVersion = 10.0.40219.1
Project("{FAE04EC0-301F-11D3-BF4B-00C04F79EFBC}") = "OnlyBosses", "OnlyBosses\OnlyBosses.csproj", "{74090D51-E63C-3D0A-E09A-DD86FA364E65}"
EndProject
Global
	GlobalSection(SolutionConfigurationPlatforms) = preSolution
		Debug|Any CPU = Debug|Any CPU
		Release|Any CPU = Release|Any CPU
	EndGlobalSection
	GlobalSection(ProjectConfigurationPlatforms) = postSolution
		{74090D51-E63C-3D0A-E09A-DD86FA364E65}.Debug|Any CPU.ActiveCfg = Debug|Any CPU
		{74090D51-E63C-3D0A-E09A-DD86FA364E65}.Debug|Any CPU.Build.0 = Debug|Any CPU
		{74090D51-E63C-3D0A-E09A-DD86FA364E65}.Release|Any CPU.ActiveCfg = Release|Any CPU
		{74090D51-E63C-3D0A-E09A-DD86FA364E65}.Release|Any CPU.Build.0 = Release|Any CPU
	EndGlobalSection
	GlobalSection(SolutionProperties) = preSolution
		HideSolutionNode = FALSE
	EndGlobalSection
	GlobalSection(ExtensibilityGlobals) = postSolution
		SolutionGuid = {85248FAC-33E1-4668-861E-E563AE79509E}
	EndGlobalSection
EndGlobal
